dependencies:
- name: api-server
  repository: file://./charts/api-server
  version: 0.0.2
- name: mcp-server
  repository: file://./charts/mcp-server
  version: 0.0.1
- name: playwright-service
  repository: file://./charts/playwright-service
  version: 0.0.1
digest: sha256:a929245b0b98eda222797df742771f9179825b71d03b40465761ebaefff1b258
generated: "2026-02-26T20:11:21.280734+02:00"
